
Microsoft Visual Studio Solution File, Format Version 12.00
# Visual Studio 2013
VisualStudioVersion = 12.0.21005.1
MinimumVisualStudioVersion = 10.0.40219.1
Project("{FAE04EC0-301F-11D3-BF4B-00C04F79EFBC}") = "NWORKFLOW_WEB.MVC_4_BS", "NWMS_WEB.MVC_4_BS\NWORKFLOW_WEB.MVC_4_BS.csproj", "{A816B8F8-9F3D-45FA-912B-C4C8E53CD26A}"
EndProject
Project("{FAE04EC0-301F-11D3-BF4B-00C04F79EFBC}") = "NUTRIPLAN_WEB.MVC_4_BS.Business", "NWMS_WEB.MVC_4_BS.Business\NUTRIPLAN_WEB.MVC_4_BS.Business.csproj", "{D27BD416-2929-41F2-9521-00A3DA077440}"
EndProject
Project("{FAE04EC0-301F-11D3-BF4B-00C04F79EFBC}") = "NUTRIPLAN_WEB.MVC_4_BS.DataAccess", "NWMS_WEB.MVC_4_BS.DataAccess\NUTRIPLAN_WEB.MVC_4_BS.DataAccess.csproj", "{7366AE18-134E-4DB6-BC66-71D0770EB7B9}"
EndProject
Project("{FAE04EC0-301F-11D3-BF4B-00C04F79EFBC}") = "NUTRIPLAN_WEB.MVC_4_BS.Model", "NWMS_WEB.MVC_4_BS.Model\NUTRIPLAN_WEB.MVC_4_BS.Model.csproj", "{D4B66DE0-08AC-41DC-AC68-4EE3D15CE7C8}"
EndProject
Project("{2150E333-8FDC-42A3-9474-1A3956D46DE8}") = ".nuget", ".nuget", "{CDE2EDAF-D9CA-4951-B87A-CD55E523E8D9}"
	ProjectSection(SolutionItems) = preProject
		.nuget\packages.config = .nuget\packages.config
	EndProjectSection
EndProject
Global
	GlobalSection(SolutionConfigurationPlatforms) = preSolution
		Debug|Any CPU = Debug|Any CPU
		Release|Any CPU = Release|Any CPU
	EndGlobalSection
	GlobalSection(ProjectConfigurationPlatforms) = postSolution
		{A816B8F8-9F3D-45FA-912B-C4C8E53CD26A}.Debug|Any CPU.ActiveCfg = Debug|Any CPU
		{A816B8F8-9F3D-45FA-912B-C4C8E53CD26A}.Debug|Any CPU.Build.0 = Debug|Any CPU
		{A816B8F8-9F3D-45FA-912B-C4C8E53CD26A}.Release|Any CPU.ActiveCfg = Release|Any CPU
		{A816B8F8-9F3D-45FA-912B-C4C8E53CD26A}.Release|Any CPU.Build.0 = Release|Any CPU
		{D27BD416-2929-41F2-9521-00A3DA077440}.Debug|Any CPU.ActiveCfg = Debug|Any CPU
		{D27BD416-2929-41F2-9521-00A3DA077440}.Debug|Any CPU.Build.0 = Debug|Any CPU
		{D27BD416-2929-41F2-9521-00A3DA077440}.Release|Any CPU.ActiveCfg = Release|Any CPU
		{D27BD416-2929-41F2-9521-00A3DA077440}.Release|Any CPU.Build.0 = Release|Any CPU
		{7366AE18-134E-4DB6-BC66-71D0770EB7B9}.Debug|Any CPU.ActiveCfg = Debug|Any CPU
		{7366AE18-134E-4DB6-BC66-71D0770EB7B9}.Debug|Any CPU.Build.0 = Debug|Any CPU
		{7366AE18-134E-4DB6-BC66-71D0770EB7B9}.Release|Any CPU.ActiveCfg = Release|Any CPU
		{7366AE18-134E-4DB6-BC66-71D0770EB7B9}.Release|Any CPU.Build.0 = Release|Any CPU
		{D4B66DE0-08AC-41DC-AC68-4EE3D15CE7C8}.Debug|Any CPU.ActiveCfg = Debug|Any CPU
		{D4B66DE0-08AC-41DC-AC68-4EE3D15CE7C8}.Debug|Any CPU.Build.0 = Debug|Any CPU
		{D4B66DE0-08AC-41DC-AC68-4EE3D15CE7C8}.Release|Any CPU.ActiveCfg = Release|Any CPU
		{D4B66DE0-08AC-41DC-AC68-4EE3D15CE7C8}.Release|Any CPU.Build.0 = Release|Any CPU
	EndGlobalSection
	GlobalSection(SolutionProperties) = preSolution
		HideSolutionNode = FALSE
	EndGlobalSection
EndGlobal
